
Microsoft Visual Studio Solution File, Format Version 12.00
# Visual Studio 2013
VisualStudioVersion = 12.0.31101.0
MinimumVisualStudioVersion = 10.0.40219.1
Project("{FAE04EC0-301F-11D3-BF4B-00C04F79EFBC}") = "StendenRooms", "StendenRooms\StendenRooms.csproj", "{D8F19E4D-34C6-4261-A91C-24A7344ED310}"
EndProject
Global
	GlobalSection(SolutionConfigurationPlatforms) = preSolution
		Debug|Any CPU = Debug|Any CPU
		Debug|ARM = Debug|ARM
		Debug|x86 = Debug|x86
		Release|Any CPU = Release|Any CPU
		Release|ARM = Release|ARM
		Release|x86 = Release|x86
	EndGlobalSection
	GlobalSection(ProjectConfigurationPlatforms) = postSolution
		{D8F19E4D-34C6-4261-A91C-24A7344ED310}.Debug|Any CPU.ActiveCfg = Debug|Any CPU
		{D8F19E4D-34C6-4261-A91C-24A7344ED310}.Debug|Any CPU.Build.0 = Debug|Any CPU
		{D8F19E4D-34C6-4261-A91C-24A7344ED310}.Debug|Any CPU.Deploy.0 = Debug|Any CPU
		{D8F19E4D-34C6-4261-A91C-24A7344ED310}.Debug|ARM.ActiveCfg = Debug|ARM
		{D8F19E4D-34C6-4261-A91C-24A7344ED310}.Debug|ARM.Build.0 = Debug|ARM
		{D8F19E4D-34C6-4261-A91C-24A7344ED310}.Debug|ARM.Deploy.0 = Debug|ARM
		{D8F19E4D-34C6-4261-A91C-24A7344ED310}.Debug|x86.ActiveCfg = Debug|x86
		{D8F19E4D-34C6-4261-A91C-24A7344ED310}.Debug|x86.Build.0 = Debug|x86
		{D8F19E4D-34C6-4261-A91C-24A7344ED310}.Debug|x86.Deploy.0 = Debug|x86
		{D8F19E4D-34C6-4261-A91C-24A7344ED310}.Release|Any CPU.ActiveCfg = Release|Any CPU
		{D8F19E4D-34C6-4261-A91C-24A7344ED310}.Release|Any CPU.Build.0 = Release|Any CPU
		{D8F19E4D-34C6-4261-A91C-24A7344ED310}.Release|Any CPU.Deploy.0 = Release|Any CPU
		{D8F19E4D-34C6-4261-A91C-24A7344ED310}.Release|ARM.ActiveCfg = Release|ARM
		{D8F19E4D-34C6-4261-A91C-24A7344ED310}.Release|ARM.Build.0 = Release|ARM
		{D8F19E4D-34C6-4261-A91C-24A7344ED310}.Release|ARM.Deploy.0 = Release|ARM
		{D8F19E4D-34C6-4261-A91C-24A7344ED310}.Release|x86.ActiveCfg = Release|x86
		{D8F19E4D-34C6-4261-A91C-24A7344ED310}.Release|x86.Build.0 = Release|x86
		{D8F19E4D-34C6-4261-A91C-24A7344ED310}.Release|x86.Deploy.0 = Release|x86
	EndGlobalSection
	GlobalSection(SolutionProperties) = preSolution
		HideSolutionNode = FALSE
	EndGlobalSection
EndGlobal
